// !$*UTF8*$!
{
	archiveVersion = 1;
	classes = {
	};
	objectVersion = 50;
	objects = {

/* Begin PBXBuildFile section */
		90C707F726AECD4000AF053E /* RPIPCMessage.c in Sources */ = {isa = PBXBuildFile; fileRef = 90C707F426AECD3F00AF053E /* RPIPCMessage.c */; };
		90C707F826AECD4000AF053E /* RPSIDPlay.cpp in Sources */ = {isa = PBXBuildFile; fileRef = 90C707F526AECD3F00AF053E /* RPSIDPlay.cpp */; };
/* End PBXBuildFile section */

/* Begin PBXCopyFilesBuildPhase section */
		90C707E526AECB4700AF053E /* CopyFiles */ = {
			isa = PBXCopyFilesBuildPhase;
			buildActionMask = 2147483647;
			dstPath = /usr/share/man/man1/;
			dstSubfolderSpec = 0;
			files = (
			);
			runOnlyForDeploymentPostprocessing = 1;
		};
/* End PBXCopyFilesBuildPhase section */

/* Begin PBXFileReference section */
		90C707E726AECB4700AF053E /* RPSIDPlay */ = {isa = PBXFileReference; explicitFileType = "compiled.mach-o.executable"; includeInIndex = 0; path = RPSIDPlay; sourceTree = BUILT_PRODUCTS_DIR; };
		90C707F326AECD1100AF053E /* RPSIDPlayMessages.h */ = {isa = PBXFileReference; fileEncoding = 4; lastKnownFileType = sourcecode.c.h; path = RPSIDPlayMessages.h; sourceTree = "<group>"; };
		90C707F426AECD3F00AF053E /* RPIPCMessage.c */ = {isa = PBXFileReference; fileEncoding = 4; lastKnownFileType = sourcecode.c.c; path = RPIPCMessage.c; sourceTree = "<group>"; };
		90C707F526AECD3F00AF053E /* RPSIDPlay.cpp */ = {isa = PBXFileReference; fileEncoding = 4; lastKnownFileType = sourcecode.cpp.cpp; path = RPSIDPlay.cpp; sourceTree = "<group>"; };
		90C707F626AECD4000AF053E /* RPIPCMessage.h */ = {isa = PBXFileReference; fileEncoding = 4; lastKnownFileType = sourcecode.c.h; path = RPIPCMessage.h; sourceTree = "<group>"; };
/* End PBXFileReference section */

/* Begin PBXFrameworksBuildPhase section */
		90C707E426AECB4700AF053E /* Frameworks */ = {
			isa = PBXFrameworksBuildPhase;
			buildActionMask = 2147483647;
			files = (
			);
			runOnlyForDeploymentPostprocessing = 0;
		};
/* End PBXFrameworksBuildPhase section */

/* Begin PBXGroup section */
		90C707DE26AECB4700AF053E = {
			isa = PBXGroup;
			children = (
				90C707F126AECCD300AF053E /* Headers */,
				90C707E926AECB4700AF053E /* Source */,
				90C707E826AECB4700AF053E /* Products */,
			);
			sourceTree = "<group>";
		};
		90C707E826AECB4700AF053E /* Products */ = {
			isa = PBXGroup;
			children = (
				90C707E726AECB4700AF053E /* RPSIDPlay */,
			);
			name = Products;
			sourceTree = "<group>";
		};
		90C707E926AECB4700AF053E /* Source */ = {
			isa = PBXGroup;
			children = (
				90C707F426AECD3F00AF053E /* RPIPCMessage.c */,
				90C707F626AECD4000AF053E /* RPIPCMessage.h */,
				90C707F526AECD3F00AF053E /* RPSIDPlay.cpp */,
			);
			path = Source;
			sourceTree = "<group>";
		};
		90C707F126AECCD300AF053E /* Headers */ = {
			isa = PBXGroup;
			children = (
				90C707F326AECD1100AF053E /* RPSIDPlayMessages.h */,
			);
			path = Headers;
			sourceTree = "<group>";
		};
/* End PBXGroup section */

/* Begin PBXNativeTarget section */
		90C707E626AECB4700AF053E /* RPSIDPlay */ = {
			isa = PBXNativeTarget;
			buildConfigurationList = 90C707EE26AECB4700AF053E /* Build configuration list for PBXNativeTarget "RPSIDPlay" */;
			buildPhases = (
				90C707F926AECD7500AF053E /* Build libsidplayfp */,
				90C707E326AECB4700AF053E /* Sources */,
				90C707E426AECB4700AF053E /* Frameworks */,
				90C707E526AECB4700AF053E /* CopyFiles */,
			);
			buildRules = (
			);
			dependencies = (
			);
			name = RPSIDPlay;
			productName = RPSIDPlay;
			productReference = 90C707E726AECB4700AF053E /* RPSIDPlay */;
			productType = "com.apple.product-type.tool";
		};
/* End PBXNativeTarget section */

/* Begin PBXProject section */
		90C707DF26AECB4700AF053E /* Project object */ = {
			isa = PBXProject;
			attributes = {
				LastUpgradeCheck = 1320;
				TargetAttributes = {
					90C707E626AECB4700AF053E = {
						CreatedOnToolsVersion = 12.5.1;
					};
				};
			};
			buildConfigurationList = 90C707E226AECB4700AF053E /* Build configuration list for PBXProject "RPSIDPlay" */;
			compatibilityVersion = "Xcode 9.3";
			developmentRegion = en;
			hasScannedForEncodings = 0;
			knownRegions = (
				en,
				Base,
			);
			mainGroup = 90C707DE26AECB4700AF053E;
			productRefGroup = 90C707E826AECB4700AF053E /* Products */;
			projectDirPath = "";
			projectRoot = "";
			targets = (
				90C707E626AECB4700AF053E /* RPSIDPlay */,
			);
		};
/* End PBXProject section */

/* Begin PBXShellScriptBuildPhase section */
		90C707F926AECD7500AF053E /* Build libsidplayfp */ = {
			isa = PBXShellScriptBuildPhase;
			buildActionMask = 2147483647;
			files = (
			);
			inputFileListPaths = (
			);
			inputPaths = (
			);
			name = "Build libsidplayfp";
			outputFileListPaths = (
			);
			outputPaths = (
				$DERIVED_FILES_DIR/libsidplayfp/lib/libsidplayfp.a,
			);
			runOnlyForDeploymentPostprocessing = 0;
			shellPath = /bin/sh;
			shellScript = "export CXXFLAGS=\"-O -g -isysroot $SDKROOT -arch x86_64 -arch arm64\"\nexport LDFLAGS=\"-arch x86_64 -arch arm64\"\nmkdir -p \"$DERIVED_FILES_DIR/libsidplayfp/build\"\ncd \"$DERIVED_FILES_DIR/libsidplayfp/build\"\n\"$PROJECT_DIR/Source/libsidplayfp/configure\" \"--prefix=$DERIVED_FILES_DIR/libsidplayfp\"  --enable-static --disable-shared\nmake\nmake install\n";
		};
/* End PBXShellScriptBuildPhase section */

/* Begin PBXSourcesBuildPhase section */
		90C707E326AECB4700AF053E /* Sources */ = {
			isa = PBXSourcesBuildPhase;
			buildActionMask = 2147483647;
			files = (
				90C707F726AECD4000AF053E /* RPIPCMessage.c in Sources */,
				90C707F826AECD4000AF053E /* RPSIDPlay.cpp in Sources */,
			);
			runOnlyForDeploymentPostprocessing = 0;
		};
/* End PBXSourcesBuildPhase section */

/* Begin XCBuildConfiguration section */
		90C707EC26AECB4700AF053E /* Debug */ = {
			isa = XCBuildConfiguration;
			buildSettings = {
				ALWAYS_SEARCH_USER_PATHS = NO;
				CLANG_ANALYZER_NONNULL = YES;
				CLANG_ANALYZER_NUMBER_OBJECT_CONVERSION = YES_AGGRESSIVE;
				CLANG_CXX_LANGUAGE_STANDARD = "gnu++14";
				CLANG_CXX_LIBRARY = "libc++";
				CLANG_ENABLE_MODULES = YES;
				CLANG_ENABLE_OBJC_ARC = YES;
				CLANG_ENABLE_OBJC_WEAK = YES;
				CLANG_WARN_BLOCK_CAPTURE_AUTORELEASING = YES;
				CLANG_WARN_BOOL_CONVERSION = YES;
				CLANG_WARN_COMMA = YES;
				CLANG_WARN_CONSTANT_CONVERSION = YES;
				CLANG_WARN_DEPRECATED_OBJC_IMPLEMENTATIONS = YES;
				CLANG_WARN_DIRECT_OBJC_ISA_USAGE = YES_ERROR;
				CLANG_WARN_DOCUMENTATION_COMMENTS = YES;
				CLANG_WARN_EMPTY_BODY = YES;
				CLANG_WARN_ENUM_CONVERSION = YES;
				CLANG_WARN_INFINITE_RECURSION = YES;
				CLANG_WARN_INT_CONVERSION = YES;
				CLANG_WARN_NON_LITERAL_NULL_CONVERSION = YES;
				CLANG_WARN_OBJC_IMPLICIT_RETAIN_SELF = YES;
				CLANG_WARN_OBJC_LITERAL_CONVERSION = YES;
				CLANG_WARN_OBJC_ROOT_CLASS = YES_ERROR;
				CLANG_WARN_QUOTED_INCLUDE_IN_FRAMEWORK_HEADER = YES;
				CLANG_WARN_RANGE_LOOP_ANALYSIS = YES;
				CLANG_WARN_STRICT_PROTOTYPES = YES;
				CLANG_WARN_SUSPICIOUS_MOVE = YES;
				CLANG_WARN_UNGUARDED_AVAILABILITY = YES_AGGRESSIVE;
				CLANG_WARN_UNREACHABLE_CODE = YES;
				CLANG_WARN__DUPLICATE_METHOD_MATCH = YES;
				COPY_PHASE_STRIP = NO;
				DEBUG_INFORMATION_FORMAT = dwarf;
				ENABLE_STRICT_OBJC_MSGSEND = YES;
				ENABLE_TESTABILITY = YES;
				GCC_C_LANGUAGE_STANDARD = gnu11;
				GCC_DYNAMIC_NO_PIC = NO;
				GCC_NO_COMMON_BLOCKS = YES;
				GCC_OPTIMIZATION_LEVEL = 0;
				GCC_PREPROCESSOR_DEFINITIONS = (
					"DEBUG=1",
					"$(inherited)",
				);
				GCC_WARN_64_TO_32_BIT_CONVERSION = YES;
				GCC_WARN_ABOUT_RETURN_TYPE = YES_ERROR;
				GCC_WARN_UNDECLARED_SELECTOR = YES;
				GCC_WARN_UNINITIALIZED_AUTOS = YES_AGGRESSIVE;
				GCC_WARN_UNUSED_FUNCTION = YES;
				GCC_WARN_UNUSED_VARIABLE = YES;
				MACOSX_DEPLOYMENT_TARGET = 10.9;
				MTL_ENABLE_DEBUG_INFO = INCLUDE_SOURCE;
				MTL_FAST_MATH = YES;
				ONLY_ACTIVE_ARCH = YES;
				SDKROOT = macosx;
				SKIP_INSTALL = YES;
			};
			name = Debug;
		};
		90C707ED26AECB4700AF053E /* Release */ = {
			isa = XCBuildConfiguration;
			buildSettings = {
				ALWAYS_SEARCH_USER_PATHS = NO;
				CLANG_ANALYZER_NONNULL = YES;
				CLANG_ANALYZER_NUMBER_OBJECT_CONVERSION = YES_AGGRESSIVE;
				CLANG_CXX_LANGUAGE_STANDARD = "gnu++14";
				CLANG_CXX_LIBRARY = "libc++";
				CLANG_ENABLE_MODULES = YES;
				CLANG_ENABLE_OBJC_ARC = YES;
				CLANG_ENABLE_OBJC_WEAK = YES;
				CLANG_WARN_BLOCK_CAPTURE_AUTORELEASING = YES;
				CLANG_WARN_BOOL_CONVERSION = YES;
				CLANG_WARN_COMMA = YES;
				CLANG_WARN_CONSTANT_CONVERSION = YES;
				CLANG_WARN_DEPRECATED_OBJC_IMPLEMENTATIONS = YES;
				CLANG_WARN_DIRECT_OBJC_ISA_USAGE = YES_ERROR;
				CLANG_WARN_DOCUMENTATION_COMMENTS = YES;
				CLANG_WARN_EMPTY_BODY = YES;
				CLANG_WARN_ENUM_CONVERSION = YES;
				CLANG_WARN_INFINITE_RECURSION = YES;
				CLANG_WARN_INT_CONVERSION = YES;
				CLANG_WARN_NON_LITERAL_NULL_CONVERSION = YES;
				CLANG_WARN_OBJC_IMPLICIT_RETAIN_SELF = YES;
				CLANG_WARN_OBJC_LITERAL_CONVERSION = YES;
				CLANG_WARN_OBJC_ROOT_CLASS = YES_ERROR;
				CLANG_WARN_QUOTED_INCLUDE_IN_FRAMEWORK_HEADER = YES;
				CLANG_WARN_RANGE_LOOP_ANALYSIS = YES;
				CLANG_WARN_STRICT_PROTOTYPES = YES;
				CLANG_WARN_SUSPICIOUS_MOVE = YES;
				CLANG_WARN_UNGUARDED_AVAILABILITY = YES_AGGRESSIVE;
				CLANG_WARN_UNREACHABLE_CODE = YES;
				CLANG_WARN__DUPLICATE_METHOD_MATCH = YES;
				COPY_PHASE_STRIP = NO;
				DEBUG_INFORMATION_FORMAT = "dwarf-with-dsym";
				ENABLE_NS_ASSERTIONS = NO;
				ENABLE_STRICT_OBJC_MSGSEND = YES;
				GCC_C_LANGUAGE_STANDARD = gnu11;
				GCC_NO_COMMON_BLOCKS = YES;
				GCC_WARN_64_TO_32_BIT_CONVERSION = YES;
				GCC_WARN_ABOUT_RETURN_TYPE = YES_ERROR;
				GCC_WARN_UNDECLARED_SELECTOR = YES;
				GCC_WARN_UNINITIALIZED_AUTOS = YES_AGGRESSIVE;
				GCC_WARN_UNUSED_FUNCTION = YES;
				GCC_WARN_UNUSED_VARIABLE = YES;
				MACOSX_DEPLOYMENT_TARGET = 10.9;
				MTL_ENABLE_DEBUG_INFO = NO;
				MTL_FAST_MATH = YES;
				SDKROOT = macosx;
				SKIP_INSTALL = YES;
			};
			name = Release;
		};
		90C707EF26AECB4700AF053E /* Debug */ = {
			isa = XCBuildConfiguration;
			buildSettings = {
				CLANG_WARN_DOCUMENTATION_COMMENTS = NO;
				CODE_SIGN_IDENTITY = "-";
				CODE_SIGN_STYLE = Automatic;
				DEVELOPMENT_TEAM = 37X379TU43;
				ENABLE_HARDENED_RUNTIME = YES;
				HEADER_SEARCH_PATHS = "$(DERIVED_FILES_DIR)/libsidplayfp/include";
				LIBRARY_SEARCH_PATHS = "$(DERIVED_FILES_DIR)/libsidplayfp/lib";
				OTHER_LDFLAGS = "-lsidplayfp";
				PRODUCT_NAME = "$(TARGET_NAME)";
			};
			name = Debug;
		};
		90C707F026AECB4700AF053E /* Release */ = {
			isa = XCBuildConfiguration;
			buildSettings = {
				CLANG_WARN_DOCUMENTATION_COMMENTS = NO;
				CODE_SIGN_IDENTITY = "-";
				CODE_SIGN_STYLE = Automatic;
				DEVELOPMENT_TEAM = 37X379TU43;
				ENABLE_HARDENED_RUNTIME = YES;
				HEADER_SEARCH_PATHS = "$(DERIVED_FILES_DIR)/libsidplayfp/include";
				LIBRARY_SEARCH_PATHS = "$(DERIVED_FILES_DIR)/libsidplayfp/lib";
				OTHER_LDFLAGS = "-lsidplayfp";
				PRODUCT_NAME = "$(TARGET_NAME)";
			};
			name = Release;
		};
/* End XCBuildConfiguration section */

/* Begin XCConfigurationList section */
		90C707E226AECB4700AF053E /* Build configuration list for PBXProject "RPSIDPlay" */ = {
			isa = XCConfigurationList;
			buildConfigurations = (
				90C707EC26AECB4700AF053E /* Debug */,
				90C707ED26AECB4700AF053E /* Release */,
			);
			defaultConfigurationIsVisible = 0;
			defaultConfigurationName = Release;
		};
		90C707EE26AECB4700AF053E /* Build configuration list for PBXNativeTarget "RPSIDPlay" */ = {
			isa = XCConfigurationList;
			buildConfigurations = (
				90C707EF26AECB4700AF053E /* Debug */,
				90C707F026AECB4700AF053E /* Release */,
			);
			defaultConfigurationIsVisible = 0;
			defaultConfigurationName = Release;
		};
/* End XCConfigurationList section */
	};
	rootObject = 90C707DF26AECB4700AF053E /* Project object */;
}
